
Microsoft Visual Studio Solution File, Format Version 12.00
# Visual Studio Version 16
VisualStudioVersion = 16.0.31729.503
MinimumVisualStudioVersion = 10.0.40219.1
Project("{9A19103F-16F7-4668-BE54-9A1E7A4F7556}") = "ConwayLife", "ConwayLife.csproj", "{88C5D3E4-538D-4883-BD88-B8E2BC64A775}"
EndProject
Global
	GlobalSection(SolutionConfigurationPlatforms) = preSolution
		Debug|Any CPU = Debug|Any CPU
		Release|Any CPU = Release|Any CPU
	EndGlobalSection
	GlobalSection(ProjectConfigurationPlatforms) = postSolution
		{88C5D3E4-538D-4883-BD88-B8E2BC64A775}.Debug|Any CPU.ActiveCfg = Debug|Any CPU
		{88C5D3E4-538D-4883-BD88-B8E2BC64A775}.Debug|Any CPU.Build.0 = Debug|Any CPU
		{88C5D3E4-538D-4883-BD88-B8E2BC64A775}.Release|Any CPU.ActiveCfg = Release|Any CPU
		{88C5D3E4-538D-4883-BD88-B8E2BC64A775}.Release|Any CPU.Build.0 = Release|Any CPU
	EndGlobalSection
	GlobalSection(SolutionProperties) = preSolution
		HideSolutionNode = FALSE
	EndGlobalSection
	GlobalSection(ExtensibilityGlobals) = postSolution
		SolutionGuid = {DE2D8C0A-6489-4C2F-B47B-235B9D5E32AC}
	EndGlobalSection
EndGlobal
